{
  "originHash" : "896f92ad58e8513d462d9142bd3d005f1deaaa6608e7998b068cfe56214d7a00",
  "pins" : [
    {
      "identity" : "grdb.swift",
      "kind" : "remoteSourceControl",
      "location" : "https://github.com/groue/GRDB.swift.git",
      "state" : {
        "revision" : "36e30a6f1ef10e4194f6af0cff90888526f0c115",
        "version" : "7.10.0"
      }
    },
    {
      "identity" : "swiftuix",
      "kind" : "remoteSourceControl",
      "location" : "https://github.com/SwiftUIX/SwiftUIX.git",
      "state" : {
        "revision" : "1a320308dd3b630e12ab1e4f13e1897e65a5414d",
        "version" : "0.3.0"
      }
    }
  ],
  "version" : 3
}
